// !$*UTF8*$!
{
	archiveVersion = 1;
	classes = {
	};
	objectVersion = 46;
	objects = {

/* Begin PBXBuildFile section */
		9290C4DB19B3528A00581CB6 /* Foundation.framework in Frameworks */ = {isa = PBXBuildFile; fileRef = 9290C4DA19B3528A00581CB6 /* Foundation.framework */; };
		9290C4DD19B3528A00581CB6 /* CoreGraphics.framework in Frameworks */ = {isa = PBXBuildFile; fileRef = 9290C4DC19B3528A00581CB6 /* CoreGraphics.framework */; };
		9290C4DF19B3528A00581CB6 /* UIKit.framework in Frameworks */ = {isa = PBXBuildFile; fileRef = 9290C4DE19B3528A00581CB6 /* UIKit.framework */; };
		9290C4E519B3528A00581CB6 /* InfoPlist.strings in Resources */ = {isa = PBXBuildFile; fileRef = 9290C4E319B3528A00581CB6 /* InfoPlist.strings */; };
		9290C4E719B3528A00581CB6 /* main.m in Sources */ = {isa = PBXBuildFile; fileRef = 9290C4E619B3528A00581CB6 /* main.m */; };
		9290C4EB19B3528A00581CB6 /* SidexSideAppDelegate.m in Sources */ = {isa = PBXBuildFile; fileRef = 9290C4EA19B3528A00581CB6 /* SidexSideAppDelegate.m */; };
		9290C4EE19B3528A00581CB6 /* Main.storyboard in Resources */ = {isa = PBXBuildFile; fileRef = 9290C4EC19B3528A00581CB6 /* Main.storyboard */; };
		9290C4F319B3528A00581CB6 /* Images.xcassets in Resources */ = {isa = PBXBuildFile; fileRef = 9290C4F219B3528A00581CB6 /* Images.xcassets */; };
		9290C4FA19B3528A00581CB6 /* XCTest.framework in Frameworks */ = {isa = PBXBuildFile; fileRef = 9290C4F919B3528A00581CB6 /* XCTest.framework */; };
		9290C4FB19B3528A00581CB6 /* Foundation.framework in Frameworks */ = {isa = PBXBuildFile; fileRef = 9290C4DA19B3528A00581CB6 /* Foundation.framework */; };
		9290C4FC19B3528A00581CB6 /* UIKit.framework in Frameworks */ = {isa = PBXBuildFile; fileRef = 9290C4DE19B3528A00581CB6 /* UIKit.framework */; };
		9290C50419B3528A00581CB6 /* InfoPlist.strings in Resources */ = {isa = PBXBuildFile; fileRef = 9290C50219B3528A00581CB6 /* InfoPlist.strings */; };
		9290C50619B3528A00581CB6 /* SidexSideTests.m in Sources */ = {isa = PBXBuildFile; fileRef = 9290C50519B3528A00581CB6 /* SidexSideTests.m */; };
		92D4CEA219C939B9004250A7 /* Bolts.framework in Frameworks */ = {isa = PBXBuildFile; fileRef = 92D4CEA019C939B9004250A7 /* Bolts.framework */; };
		92D4CEA319C939B9004250A7 /* Parse.framework in Frameworks */ = {isa = PBXBuildFile; fileRef = 92D4CEA119C939B9004250A7 /* Parse.framework */; };
		92D4CEA519C939E4004250A7 /* Accounts.framework in Frameworks */ = {isa = PBXBuildFile; fileRef = 92D4CEA419C939E4004250A7 /* Accounts.framework */; };
		92D4CEA719C939ED004250A7 /* AudioToolbox.framework in Frameworks */ = {isa = PBXBuildFile; fileRef = 92D4CEA619C939ED004250A7 /* AudioToolbox.framework */; };
		92D4CEA919C939F4004250A7 /* CFNetwork.framework in Frameworks */ = {isa = PBXBuildFile; fileRef = 92D4CEA819C939F4004250A7 /* CFNetwork.framework */; };
		92D4CEAB19C93A07004250A7 /* CoreLocation.framework in Frameworks */ = {isa = PBXBuildFile; fileRef = 92D4CEAA19C93A07004250A7 /* CoreLocation.framework */; };
		92D4CEAD19C93A13004250A7 /* libz.dylib in Frameworks */ = {isa = PBXBuildFile; fileRef = 92D4CEAC19C93A13004250A7 /* libz.dylib */; };
		92D4CEAF19C93A1F004250A7 /* MobileCoreServices.framework in Frameworks */ = {isa = PBXBuildFile; fileRef = 92D4CEAE19C93A1F004250A7 /* MobileCoreServices.framework */; };
		92D4CEB119C93A28004250A7 /* QuartzCore.framework in Frameworks */ = {isa = PBXBuildFile; fileRef = 92D4CEB019C93A28004250A7 /* QuartzCore.framework */; };
		92D4CEB319C93A32004250A7 /* Security.framework in Frameworks */ = {isa = PBXBuildFile; fileRef = 92D4CEB219C93A32004250A7 /* Security.framework */; };
		92D4CEB519C93A3B004250A7 /* Social.framework in Frameworks */ = {isa = PBXBuildFile; fileRef = 92D4CEB419C93A3B004250A7 /* Social.framework */; };
		92D4CEB719C93A47004250A7 /* StoreKit.framework in Frameworks */ = {isa = PBXBuildFile; fileRef = 92D4CEB619C93A47004250A7 /* StoreKit.framework */; };
		92D4CEB919C93A51004250A7 /* SystemConfiguration.framework in Frameworks */ = {isa = PBXBuildFile; fileRef = 92D4CEB819C93A51004250A7 /* SystemConfiguration.framework */; };
		92D4CEDD19C9E9ED004250A7 /* libOCMock.a in Frameworks */ = {isa = PBXBuildFile; fileRef = 92D4CEDC19C9E9ED004250A7 /* libOCMock.a */; };
		92D4CEE419C9EF0B004250A7 /* SidexSideLoginViewController.m in Sources */ = {isa = PBXBuildFile; fileRef = 92D4CEE319C9EF0B004250A7 /* SidexSideLoginViewController.m */; };
		92D4CEE719C9F10C004250A7 /* SidexSideSignUpViewController.m in Sources */ = {isa = PBXBuildFile; fileRef = 92D4CEE619C9F10C004250A7 /* SidexSideSignUpViewController.m */; };
		92D4CEED19CA025B004250A7 /* HomeViewController.m in Sources */ = {isa = PBXBuildFile; fileRef = 92D4CEEC19CA025B004250A7 /* HomeViewController.m */; };
		92D4CEF719CC97BC004250A7 /* LogInAndSignUpHandler.m in Sources */ = {isa = PBXBuildFile; fileRef = 92D4CEF619CC97BC004250A7 /* LogInAndSignUpHandler.m */; };
		92D4CEFD19CC9CE5004250A7 /* SidexSidePFUser.m in Sources */ = {isa = PBXBuildFile; fileRef = 92D4CEFC19CC9CE5004250A7 /* SidexSidePFUser.m */; };
		92D4CEFF19CCA76C004250A7 /* HomeViewControllerTest.m in Sources */ = {isa = PBXBuildFile; fileRef = 92D4CEFE19CCA76C004250A7 /* HomeViewControllerTest.m */; };
		92D4CF0219CCB4BB004250A7 /* LogInDelegate.m in Sources */ = {isa = PBXBuildFile; fileRef = 92D4CF0119CCB4BB004250A7 /* LogInDelegate.m */; };
		92D4CF0519CCB4DB004250A7 /* SignUpDelegate.m in Sources */ = {isa = PBXBuildFile; fileRef = 92D4CF0419CCB4DB004250A7 /* SignUpDelegate.m */; };
		92D4CF0719CE2332004250A7 /* LogInAndSignUpHandlerTest.m in Sources */ = {isa = PBXBuildFile; fileRef = 92D4CF0619CE2332004250A7 /* LogInAndSignUpHandlerTest.m */; };
		92D4CF0D19D0C3CB004250A7 /* LogInDelegateTest.m in Sources */ = {isa = PBXBuildFile; fileRef = 92D4CF0C19D0C3CB004250A7 /* LogInDelegateTest.m */; };
		92D4CF1019D1E623004250A7 /* MissingInformationAlert.m in Sources */ = {isa = PBXBuildFile; fileRef = 92D4CF0F19D1E623004250A7 /* MissingInformationAlert.m */; };
/* End PBXBuildFile section */

/* Begin PBXContainerItemProxy section */
		9290C4FD19B3528A00581CB6 /* PBXContainerItemProxy */ = {
			isa = PBXContainerItemProxy;
			containerPortal = 9290C4CF19B3528A00581CB6 /* Project object */;
			proxyType = 1;
			remoteGlobalIDString = 9290C4D619B3528A00581CB6;
			remoteInfo = SidexSide;
		};
/* End PBXContainerItemProxy section */

/* Begin PBXFileReference section */
		9290C4D719B3528A00581CB6 /* SidexSide.app */ = {isa = PBXFileReference; explicitFileType = wrapper.application; includeInIndex = 0; path = SidexSide.app; sourceTree = BUILT_PRODUCTS_DIR; };
		9290C4DA19B3528A00581CB6 /* Foundation.framework */ = {isa = PBXFileReference; lastKnownFileType = wrapper.framework; name = Foundation.framework; path = System/Library/Frameworks/Foundation.framework; sourceTree = SDKROOT; };
		9290C4DC19B3528A00581CB6 /* CoreGraphics.framework */ = {isa = PBXFileReference; lastKnownFileType = wrapper.framework; name = CoreGraphics.framework; path = System/Library/Frameworks/CoreGraphics.framework; sourceTree = SDKROOT; };
		9290C4DE19B3528A00581CB6 /* UIKit.framework */ = {isa = PBXFileReference; lastKnownFileType = wrapper.framework; name = UIKit.framework; path = System/Library/Frameworks/UIKit.framework; sourceTree = SDKROOT; };
		9290C4E219B3528A00581CB6 /* SidexSide-Info.plist */ = {isa = PBXFileReference; lastKnownFileType = text.plist.xml; path = "SidexSide-Info.plist"; sourceTree = "<group>"; };
		9290C4E419B3528A00581CB6 /* en */ = {isa = PBXFileReference; lastKnownFileType = text.plist.strings; name = en; path = en.lproj/InfoPlist.strings; sourceTree = "<group>"; };
		9290C4E619B3528A00581CB6 /* main.m */ = {isa = PBXFileReference; lastKnownFileType = sourcecode.c.objc; path = main.m; sourceTree = "<group>"; };
		9290C4E819B3528A00581CB6 /* SidexSide-Prefix.pch */ = {isa = PBXFileReference; lastKnownFileType = sourcecode.c.h; path = "SidexSide-Prefix.pch"; sourceTree = "<group>"; };
		9290C4E919B3528A00581CB6 /* SidexSideAppDelegate.h */ = {isa = PBXFileReference; lastKnownFileType = sourcecode.c.h; path = SidexSideAppDelegate.h; sourceTree = "<group>"; };
		9290C4EA19B3528A00581CB6 /* SidexSideAppDelegate.m */ = {isa = PBXFileReference; lastKnownFileType = sourcecode.c.objc; path = SidexSideAppDelegate.m; sourceTree = "<group>"; };
		9290C4ED19B3528A00581CB6 /* Base */ = {isa = PBXFileReference; lastKnownFileType = file.storyboard; name = Base; path = Base.lproj/Main.storyboard; sourceTree = "<group>"; };
		9290C4F219B3528A00581CB6 /* Images.xcassets */ = {isa = PBXFileReference; lastKnownFileType = folder.assetcatalog; path = Images.xcassets; sourceTree = "<group>"; };
		9290C4F819B3528A00581CB6 /* SidexSideTests.xctest */ = {isa = PBXFileReference; explicitFileType = wrapper.cfbundle; includeInIndex = 0; path = SidexSideTests.xctest; sourceTree = BUILT_PRODUCTS_DIR; };
		9290C4F919B3528A00581CB6 /* XCTest.framework */ = {isa = PBXFileReference; lastKnownFileType = wrapper.framework; name = XCTest.framework; path = Library/Frameworks/XCTest.framework; sourceTree = DEVELOPER_DIR; };
		9290C50119B3528A00581CB6 /* SidexSideTests-Info.plist */ = {isa = PBXFileReference; lastKnownFileType = text.plist.xml; path = "SidexSideTests-Info.plist"; sourceTree = "<group>"; };
		9290C50319B3528A00581CB6 /* en */ = {isa = PBXFileReference; lastKnownFileType = text.plist.strings; name = en; path = en.lproj/InfoPlist.strings; sourceTree = "<group>"; };
		9290C50519B3528A00581CB6 /* SidexSideTests.m */ = {isa = PBXFileReference; lastKnownFileType = sourcecode.c.objc; path = SidexSideTests.m; sourceTree = "<group>"; };
		92D4CEA019C939B9004250A7 /* Bolts.framework */ = {isa = PBXFileReference; lastKnownFileType = wrapper.framework; path = Bolts.framework; sourceTree = "<group>"; };
		92D4CEA119C939B9004250A7 /* Parse.framework */ = {isa = PBXFileReference; lastKnownFileType = wrapper.framework; path = Parse.framework; sourceTree = "<group>"; };
		92D4CEA419C939E4004250A7 /* Accounts.framework */ = {isa = PBXFileReference; lastKnownFileType = wrapper.framework; name = Accounts.framework; path = System/Library/Frameworks/Accounts.framework; sourceTree = SDKROOT; };
		92D4CEA619C939ED004250A7 /* AudioToolbox.framework */ = {isa = PBXFileReference; lastKnownFileType = wrapper.framework; name = AudioToolbox.framework; path = System/Library/Frameworks/AudioToolbox.framework; sourceTree = SDKROOT; };
		92D4CEA819C939F4004250A7 /* CFNetwork.framework */ = {isa = PBXFileReference; lastKnownFileType = wrapper.framework; name = CFNetwork.framework; path = System/Library/Frameworks/CFNetwork.framework; sourceTree = SDKROOT; };
		92D4CEAA19C93A07004250A7 /* CoreLocation.framework */ = {isa = PBXFileReference; lastKnownFileType = wrapper.framework; name = CoreLocation.framework; path = System/Library/Frameworks/CoreLocation.framework; sourceTree = SDKROOT; };
		92D4CEAC19C93A13004250A7 /* libz.dylib */ = {isa = PBXFileReference; lastKnownFileType = "compiled.mach-o.dylib"; name = libz.dylib; path = usr/lib/libz.dylib; sourceTree = SDKROOT; };
		92D4CEAE19C93A1F004250A7 /* MobileCoreServices.framework */ = {isa = PBXFileReference; lastKnownFileType = wrapper.framework; name = MobileCoreServices.framework; path = System/Library/Frameworks/MobileCoreServices.framework; sourceTree = SDKROOT; };
		92D4CEB019C93A28004250A7 /* QuartzCore.framework */ = {isa = PBXFileReference; lastKnownFileType = wrapper.framework; name = QuartzCore.framework; path = System/Library/Frameworks/QuartzCore.framework; sourceTree = SDKROOT; };
		92D4CEB219C93A32004250A7 /* Security.framework */ = {isa = PBXFileReference; lastKnownFileType = wrapper.framework; name = Security.framework; path = System/Library/Frameworks/Security.framework; sourceTree = SDKROOT; };
		92D4CEB419C93A3B004250A7 /* Social.framework */ = {isa = PBXFileReference; lastKnownFileType = wrapper.framework; name = Social.framework; path = System/Library/Frameworks/Social.framework; sourceTree = SDKROOT; };
		92D4CEB619C93A47004250A7 /* StoreKit.framework */ = {isa = PBXFileReference; lastKnownFileType = wrapper.framework; name = StoreKit.framework; path = System/Library/Frameworks/StoreKit.framework; sourceTree = SDKROOT; };
		92D4CEB819C93A51004250A7 /* SystemConfiguration.framework */ = {isa = PBXFileReference; lastKnownFileType = wrapper.framework; name = SystemConfiguration.framework; path = System/Library/Frameworks/SystemConfiguration.framework; sourceTree = SDKROOT; };
		92D4CED319C9E95E004250A7 /* NSNotificationCenter+OCMAdditions.h */ = {isa = PBXFileReference; fileEncoding = 4; lastKnownFileType = sourcecode.c.h; path = "NSNotificationCenter+OCMAdditions.h"; sourceTree = "<group>"; };
		92D4CED419C9E95E004250A7 /* OCMArg.h */ = {isa = PBXFileReference; fileEncoding = 4; lastKnownFileType = sourcecode.c.h; path = OCMArg.h; sourceTree = "<group>"; };
		92D4CED519C9E95E004250A7 /* OCMConstraint.h */ = {isa = PBXFileReference; fileEncoding = 4; lastKnownFileType = sourcecode.c.h; path = OCMConstraint.h; sourceTree = "<group>"; };
		92D4CED619C9E95E004250A7 /* OCMLocation.h */ = {isa = PBXFileReference; fileEncoding = 4; lastKnownFileType = sourcecode.c.h; path = OCMLocation.h; sourceTree = "<group>"; };
		92D4CED719C9E95E004250A7 /* OCMMacroState.h */ = {isa = PBXFileReference; fileEncoding = 4; lastKnownFileType = sourcecode.c.h; path = OCMMacroState.h; sourceTree = "<group>"; };
		92D4CED819C9E95E004250A7 /* OCMock.h */ = {isa = PBXFileReference; fileEncoding = 4; lastKnownFileType = sourcecode.c.h; path = OCMock.h; sourceTree = "<group>"; };
		92D4CED919C9E95E004250A7 /* OCMockObject.h */ = {isa = PBXFileReference; fileEncoding = 4; lastKnownFileType = sourcecode.c.h; path = OCMockObject.h; sourceTree = "<group>"; };
		92D4CEDA19C9E95E004250A7 /* OCMRecorder.h */ = {isa = PBXFileReference; fileEncoding = 4; lastKnownFileType = sourcecode.c.h; path = OCMRecorder.h; sourceTree = "<group>"; };
		92D4CEDB19C9E95E004250A7 /* OCMStubRecorder.h */ = {isa = PBXFileReference; fileEncoding = 4; lastKnownFileType = sourcecode.c.h; path = OCMStubRecorder.h; sourceTree = "<group>"; };
		92D4CEDC19C9E9ED004250A7 /* libOCMock.a */ = {isa = PBXFileReference; lastKnownFileType = archive.ar; name = libOCMock.a; path = "/Volumes/OCMock 3.1/iOS/libOCMock.a"; sourceTree = "<absolute>"; };
		92D4CEDE19C9EB87004250A7 /* Bolts.framework */ = {isa = PBXFileReference; lastKnownFileType = wrapper.framework; name = Bolts.framework; path = "../../Downloads/parse-library-1.3.0/Bolts.framework"; sourceTree = "<group>"; };
		92D4CEDF19C9EB87004250A7 /* Parse.framework */ = {isa = PBXFileReference; lastKnownFileType = wrapper.framework; name = Parse.framework; path = "../../Downloads/parse-library-1.3.0/Parse.framework"; sourceTree = "<group>"; };
		92D4CEE219C9EF0B004250A7 /* SidexSideLoginViewController.h */ = {isa = PBXFileReference; fileEncoding = 4; lastKnownFileType = sourcecode.c.h; path = SidexSideLoginViewController.h; sourceTree = "<group>"; };
		92D4CEE319C9EF0B004250A7 /* SidexSideLoginViewController.m */ = {isa = PBXFileReference; fileEncoding = 4; lastKnownFileType = sourcecode.c.objc; path = SidexSideLoginViewController.m; sourceTree = "<group>"; };
		92D4CEE519C9F10C004250A7 /* SidexSideSignUpViewController.h */ = {isa = PBXFileReference; fileEncoding = 4; lastKnownFileType = sourcecode.c.h; path = SidexSideSignUpViewController.h; sourceTree = "<group>"; };
		92D4CEE619C9F10C004250A7 /* SidexSideSignUpViewController.m */ = {isa = PBXFileReference; fileEncoding = 4; lastKnownFileType = sourcecode.c.objc; path = SidexSideSignUpViewController.m; sourceTree = "<group>"; };
		92D4CEEB19CA025B004250A7 /* HomeViewController.h */ = {isa = PBXFileReference; fileEncoding = 4; lastKnownFileType = sourcecode.c.h; path = HomeViewController.h; sourceTree = "<group>"; };
		92D4CEEC19CA025B004250A7 /* HomeViewController.m */ = {isa = PBXFileReference; fileEncoding = 4; lastKnownFileType = sourcecode.c.objc; path = HomeViewController.m; sourceTree = "<group>"; };
		92D4CEF519CC97BC004250A7 /* LogInAndSignUpHandler.h */ = {isa = PBXFileReference; fileEncoding = 4; lastKnownFileType = sourcecode.c.h; path = LogInAndSignUpHandler.h; sourceTree = "<group>"; };
		92D4CEF619CC97BC004250A7 /* LogInAndSignUpHandler.m */ = {isa = PBXFileReference; fileEncoding = 4; lastKnownFileType = sourcecode.c.objc; path = LogInAndSignUpHandler.m; sourceTree = "<group>"; };
		92D4CEFB19CC9CE5004250A7 /* SidexSidePFUser.h */ = {isa = PBXFileReference; fileEncoding = 4; lastKnownFileType = sourcecode.c.h; path = SidexSidePFUser.h; sourceTree = "<group>"; };
		92D4CEFC19CC9CE5004250A7 /* SidexSidePFUser.m */ = {isa = PBXFileReference; fileEncoding = 4; lastKnownFileType = sourcecode.c.objc; path = SidexSidePFUser.m; sourceTree = "<group>"; };
		92D4CEFE19CCA76C004250A7 /* HomeViewControllerTest.m */ = {isa = PBXFileReference; fileEncoding = 4; lastKnownFileType = sourcecode.c.objc; path = HomeViewControllerTest.m; sourceTree = "<group>"; };
		92D4CF0019CCB4BB004250A7 /* LogInDelegate.h */ = {isa = PBXFileReference; fileEncoding = 4; lastKnownFileType = sourcecode.c.h; path = LogInDelegate.h; sourceTree = "<group>"; };
		92D4CF0119CCB4BB004250A7 /* LogInDelegate.m */ = {isa = PBXFileReference; fileEncoding = 4; lastKnownFileType = sourcecode.c.objc; path = LogInDelegate.m; sourceTree = "<group>"; };
		92D4CF0319CCB4DB004250A7 /* SignUpDelegate.h */ = {isa = PBXFileReference; fileEncoding = 4; lastKnownFileType = sourcecode.c.h; path = SignUpDelegate.h; sourceTree = "<group>"; };
		92D4CF0419CCB4DB004250A7 /* SignUpDelegate.m */ = {isa = PBXFileReference; fileEncoding = 4; lastKnownFileType = sourcecode.c.objc; path = SignUpDelegate.m; sourceTree = "<group>"; };
		92D4CF0619CE2332004250A7 /* LogInAndSignUpHandlerTest.m */ = {isa = PBXFileReference; fileEncoding = 4; lastKnownFileType = sourcecode.c.objc; path = LogInAndSignUpHandlerTest.m; sourceTree = "<group>"; };
		92D4CF0C19D0C3CB004250A7 /* LogInDelegateTest.m */ = {isa = PBXFileReference; fileEncoding = 4; lastKnownFileType = sourcecode.c.objc; path = LogInDelegateTest.m; sourceTree = "<group>"; };
		92D4CF0E19D1E623004250A7 /* MissingInformationAlert.h */ = {isa = PBXFileReference; fileEncoding = 4; lastKnownFileType = sourcecode.c.h; path = MissingInformationAlert.h; sourceTree = "<group>"; };
		92D4CF0F19D1E623004250A7 /* MissingInformationAlert.m */ = {isa = PBXFileReference; fileEncoding = 4; lastKnownFileType = sourcecode.c.objc; path = MissingInformationAlert.m; sourceTree = "<group>"; };
		92D4CF1119D1FB9C004250A7 /* OCHamcrestIOS.framework */ = {isa = PBXFileReference; lastKnownFileType = wrapper.framework; name = OCHamcrestIOS.framework; path = "../../Downloads/OCHamcrest-1.9/OCHamcrestIOS.framework"; sourceTree = "<group>"; };
/* End PBXFileReference section */

/* Begin PBXFrameworksBuildPhase section */
		9290C4D419B3528A00581CB6 /* Frameworks */ = {
			isa = PBXFrameworksBuildPhase;
			buildActionMask = 2147483647;
			files = (
				92D4CEB919C93A51004250A7 /* SystemConfiguration.framework in Frameworks */,
				92D4CEB719C93A47004250A7 /* StoreKit.framework in Frameworks */,
				92D4CEB519C93A3B004250A7 /* Social.framework in Frameworks */,
				92D4CEB319C93A32004250A7 /* Security.framework in Frameworks */,
				92D4CEB119C93A28004250A7 /* QuartzCore.framework in Frameworks */,
				92D4CEAF19C93A1F004250A7 /* MobileCoreServices.framework in Frameworks */,
				92D4CEAD19C93A13004250A7 /* libz.dylib in Frameworks */,
				92D4CEAB19C93A07004250A7 /* CoreLocation.framework in Frameworks */,
				92D4CEA919C939F4004250A7 /* CFNetwork.framework in Frameworks */,
				92D4CEA719C939ED004250A7 /* AudioToolbox.framework in Frameworks */,
				92D4CEA519C939E4004250A7 /* Accounts.framework in Frameworks */,
				9290C4DD19B3528A00581CB6 /* CoreGraphics.framework in Frameworks */,
				9290C4DF19B3528A00581CB6 /* UIKit.framework in Frameworks */,
				9290C4DB19B3528A00581CB6 /* Foundation.framework in Frameworks */,
				92D4CEA219C939B9004250A7 /* Bolts.framework in Frameworks */,
				92D4CEA319C939B9004250A7 /* Parse.framework in Frameworks */,
			);
			runOnlyForDeploymentPostprocessing = 0;
		};
		9290C4F519B3528A00581CB6 /* Frameworks */ = {
			isa = PBXFrameworksBuildPhase;
			buildActionMask = 2147483647;
			files = (
				92D4CEDD19C9E9ED004250A7 /* libOCMock.a in Frameworks */,
				9290C4FA19B3528A00581CB6 /* XCTest.framework in Frameworks */,
				9290C4FC19B3528A00581CB6 /* UIKit.framework in Frameworks */,
				9290C4FB19B3528A00581CB6 /* Foundation.framework in Frameworks */,
			);
			runOnlyForDeploymentPostprocessing = 0;
		};
/* End PBXFrameworksBuildPhase section */

/* Begin PBXGroup section */
		9290C4CE19B3528A00581CB6 = {
			isa = PBXGroup;
			children = (
				92D4CED119C9E95E004250A7 /* Libraries */,
				9290C4E019B3528A00581CB6 /* SidexSide */,
				9290C4FF19B3528A00581CB6 /* SidexSideTests */,
				9290C4D919B3528A00581CB6 /* Frameworks */,
				9290C4D819B3528A00581CB6 /* Products */,
			);
			sourceTree = "<group>";
		};
		9290C4D819B3528A00581CB6 /* Products */ = {
			isa = PBXGroup;
			children = (
				9290C4D719B3528A00581CB6 /* SidexSide.app */,
				9290C4F819B3528A00581CB6 /* SidexSideTests.xctest */,
			);
			name = Products;
			sourceTree = "<group>";
		};
		9290C4D919B3528A00581CB6 /* Frameworks */ = {
			isa = PBXGroup;
			children = (
				92D4CF1119D1FB9C004250A7 /* OCHamcrestIOS.framework */,
				92D4CEDE19C9EB87004250A7 /* Bolts.framework */,
				92D4CEDF19C9EB87004250A7 /* Parse.framework */,
				92D4CEB819C93A51004250A7 /* SystemConfiguration.framework */,
				92D4CEB619C93A47004250A7 /* StoreKit.framework */,
				92D4CEB419C93A3B004250A7 /* Social.framework */,
				92D4CEB219C93A32004250A7 /* Security.framework */,
				92D4CEB019C93A28004250A7 /* QuartzCore.framework */,
				92D4CEAE19C93A1F004250A7 /* MobileCoreServices.framework */,
				92D4CEAC19C93A13004250A7 /* libz.dylib */,
				92D4CEAA19C93A07004250A7 /* CoreLocation.framework */,
				92D4CEA819C939F4004250A7 /* CFNetwork.framework */,
				92D4CEA619C939ED004250A7 /* AudioToolbox.framework */,
				92D4CEA419C939E4004250A7 /* Accounts.framework */,
				92D4CEA019C939B9004250A7 /* Bolts.framework */,
				92D4CEA119C939B9004250A7 /* Parse.framework */,
				9290C4DA19B3528A00581CB6 /* Foundation.framework */,
				9290C4DC19B3528A00581CB6 /* CoreGraphics.framework */,
				9290C4DE19B3528A00581CB6 /* UIKit.framework */,
				9290C4F919B3528A00581CB6 /* XCTest.framework */,
			);
			name = Frameworks;
			sourceTree = "<group>";
		};
		9290C4E019B3528A00581CB6 /* SidexSide */ = {
			isa = PBXGroup;
			children = (
				92D4CF0919D065E8004250A7 /* LoginSignup */,
				92D4CF0819D065C0004250A7 /* ParseWrappers */,
				92D4CEF419CC9482004250A7 /* Controllers */,
				9290C4E919B3528A00581CB6 /* SidexSideAppDelegate.h */,
				9290C4EA19B3528A00581CB6 /* SidexSideAppDelegate.m */,
				9290C4EC19B3528A00581CB6 /* Main.storyboard */,
				9290C4F219B3528A00581CB6 /* Images.xcassets */,
				9290C4E119B3528A00581CB6 /* Supporting Files */,
				92D4CF0E19D1E623004250A7 /* MissingInformationAlert.h */,
				92D4CF0F19D1E623004250A7 /* MissingInformationAlert.m */,
			);
			path = SidexSide;
			sourceTree = "<group>";
		};
		9290C4E119B3528A00581CB6 /* Supporting Files */ = {
			isa = PBXGroup;
			children = (
				9290C4E219B3528A00581CB6 /* SidexSide-Info.plist */,
				9290C4E319B3528A00581CB6 /* InfoPlist.strings */,
				9290C4E619B3528A00581CB6 /* main.m */,
				9290C4E819B3528A00581CB6 /* SidexSide-Prefix.pch */,
			);
			name = "Supporting Files";
			sourceTree = "<group>";
		};
		9290C4FF19B3528A00581CB6 /* SidexSideTests */ = {
			isa = PBXGroup;
			children = (
				9290C50019B3528A00581CB6 /* Supporting Files */,
				9290C50519B3528A00581CB6 /* SidexSideTests.m */,
				92D4CEFE19CCA76C004250A7 /* HomeViewControllerTest.m */,
				92D4CF0619CE2332004250A7 /* LogInAndSignUpHandlerTest.m */,
				92D4CF0C19D0C3CB004250A7 /* LogInDelegateTest.m */,
			);
			path = SidexSideTests;
			sourceTree = "<group>";
		};
		9290C50019B3528A00581CB6 /* Supporting Files */ = {
			isa = PBXGroup;
			children = (
				9290C50119B3528A00581CB6 /* SidexSideTests-Info.plist */,
				9290C50219B3528A00581CB6 /* InfoPlist.strings */,
			);
			name = "Supporting Files";
			sourceTree = "<group>";
		};
		92D4CED119C9E95E004250A7 /* Libraries */ = {
			isa = PBXGroup;
			children = (
				92D4CEDC19C9E9ED004250A7 /* libOCMock.a */,
				92D4CED219C9E95E004250A7 /* OCMock */,
			);
			path = Libraries;
			sourceTree = "<group>";
		};
		92D4CED219C9E95E004250A7 /* OCMock */ = {
			isa = PBXGroup;
			children = (
				92D4CED319C9E95E004250A7 /* NSNotificationCenter+OCMAdditions.h */,
				92D4CED419C9E95E004250A7 /* OCMArg.h */,
				92D4CED519C9E95E004250A7 /* OCMConstraint.h */,
				92D4CED619C9E95E004250A7 /* OCMLocation.h */,
				92D4CED719C9E95E004250A7 /* OCMMacroState.h */,
				92D4CED819C9E95E004250A7 /* OCMock.h */,
				92D4CED919C9E95E004250A7 /* OCMockObject.h */,
				92D4CEDA19C9E95E004250A7 /* OCMRecorder.h */,
				92D4CEDB19C9E95E004250A7 /* OCMStubRecorder.h */,
			);
			path = OCMock;
			sourceTree = "<group>";
		};
		92D4CEF419CC9482004250A7 /* Controllers */ = {
			isa = PBXGroup;
			children = (
				92D4CEEB19CA025B004250A7 /* HomeViewController.h */,
				92D4CEEC19CA025B004250A7 /* HomeViewController.m */,
				92D4CEE219C9EF0B004250A7 /* SidexSideLoginViewController.h */,
				92D4CEE319C9EF0B004250A7 /* SidexSideLoginViewController.m */,
				92D4CEE519C9F10C004250A7 /* SidexSideSignUpViewController.h */,
				92D4CEE619C9F10C004250A7 /* SidexSideSignUpViewController.m */,
			);
			name = Controllers;
			sourceTree = "<group>";
		};
		92D4CF0819D065C0004250A7 /* ParseWrappers */ = {
			isa = PBXGroup;
			children = (
				92D4CEFB19CC9CE5004250A7 /* SidexSidePFUser.h */,
				92D4CEFC19CC9CE5004250A7 /* SidexSidePFUser.m */,
			);
			name = ParseWrappers;
			sourceTree = "<group>";
		};
		92D4CF0919D065E8004250A7 /* LoginSignup */ = {
			isa = PBXGroup;
			children = (
				92D4CEF519CC97BC004250A7 /* LogInAndSignUpHandler.h */,
				92D4CEF619CC97BC004250A7 /* LogInAndSignUpHandler.m */,
				92D4CF0019CCB4BB004250A7 /* LogInDelegate.h */,
				92D4CF0119CCB4BB004250A7 /* LogInDelegate.m */,
				92D4CF0319CCB4DB004250A7 /* SignUpDelegate.h */,
				92D4CF0419CCB4DB004250A7 /* SignUpDelegate.m */,
			);
			name = LoginSignup;
			sourceTree = "<group>";
		};
/* End PBXGroup section */

/* Begin PBXNativeTarget section */
		9290C4D619B3528A00581CB6 /* SidexSide */ = {
			isa = PBXNativeTarget;
			buildConfigurationList = 9290C50919B3528A00581CB6 /* Build configuration list for PBXNativeTarget "SidexSide" */;
			buildPhases = (
				9290C4D319B3528A00581CB6 /* Sources */,
				9290C4D419B3528A00581CB6 /* Frameworks */,
				9290C4D519B3528A00581CB6 /* Resources */,
			);
			buildRules = (
			);
			dependencies = (
			);
			name = SidexSide;
			productName = SidexSide;
			productReference = 9290C4D719B3528A00581CB6 /* SidexSide.app */;
			productType = "com.apple.product-type.application";
		};
		9290C4F719B3528A00581CB6 /* SidexSideTests */ = {
			isa = PBXNativeTarget;
			buildConfigurationList = 9290C50C19B3528A00581CB6 /* Build configuration list for PBXNativeTarget "SidexSideTests" */;
			buildPhases = (
				9290C4F419B3528A00581CB6 /* Sources */,
				9290C4F519B3528A00581CB6 /* Frameworks */,
				9290C4F619B3528A00581CB6 /* Resources */,
			);
			buildRules = (
			);
			dependencies = (
				9290C4FE19B3528A00581CB6 /* PBXTargetDependency */,
			);
			name = SidexSideTests;
			productName = SidexSideTests;
			productReference = 9290C4F819B3528A00581CB6 /* SidexSideTests.xctest */;
			productType = "com.apple.product-type.bundle.unit-test";
		};
/* End PBXNativeTarget section */

/* Begin PBXProject section */
		9290C4CF19B3528A00581CB6 /* Project object */ = {
			isa = PBXProject;
			attributes = {
				CLASSPREFIX = SidexSide;
				LastUpgradeCheck = 0510;
				ORGANIZATIONNAME = zappery;
				TargetAttributes = {
					9290C4F719B3528A00581CB6 = {
						TestTargetID = 9290C4D619B3528A00581CB6;
					};
				};
			};
			buildConfigurationList = 9290C4D219B3528A00581CB6 /* Build configuration list for PBXProject "SidexSide" */;
			compatibilityVersion = "Xcode 3.2";
			developmentRegion = English;
			hasScannedForEncodings = 0;
			knownRegions = (
				en,
				Base,
			);
			mainGroup = 9290C4CE19B3528A00581CB6;
			productRefGroup = 9290C4D819B3528A00581CB6 /* Products */;
			projectDirPath = "";
			projectRoot = "";
			targets = (
				9290C4D619B3528A00581CB6 /* SidexSide */,
				9290C4F719B3528A00581CB6 /* SidexSideTests */,
			);
		};
/* End PBXProject section */

/* Begin PBXResourcesBuildPhase section */
		9290C4D519B3528A00581CB6 /* Resources */ = {
			isa = PBXResourcesBuildPhase;
			buildActionMask = 2147483647;
			files = (
				9290C4F319B3528A00581CB6 /* Images.xcassets in Resources */,
				9290C4E519B3528A00581CB6 /* InfoPlist.strings in Resources */,
				9290C4EE19B3528A00581CB6 /* Main.storyboard in Resources */,
			);
			runOnlyForDeploymentPostprocessing = 0;
		};
		9290C4F619B3528A00581CB6 /* Resources */ = {
			isa = PBXResourcesBuildPhase;
			buildActionMask = 2147483647;
			files = (
				9290C50419B3528A00581CB6 /* InfoPlist.strings in Resources */,
			);
			runOnlyForDeploymentPostprocessing = 0;
		};
/* End PBXResourcesBuildPhase section */

/* Begin PBXSourcesBuildPhase section */
		9290C4D319B3528A00581CB6 /* Sources */ = {
			isa = PBXSourcesBuildPhase;
			buildActionMask = 2147483647;
			files = (
				9290C4E719B3528A00581CB6 /* main.m in Sources */,
				9290C4EB19B3528A00581CB6 /* SidexSideAppDelegate.m in Sources */,
				92D4CF1019D1E623004250A7 /* MissingInformationAlert.m in Sources */,
				92D4CF0519CCB4DB004250A7 /* SignUpDelegate.m in Sources */,
				92D4CEE419C9EF0B004250A7 /* SidexSideLoginViewController.m in Sources */,
				92D4CEE719C9F10C004250A7 /* SidexSideSignUpViewController.m in Sources */,
				92D4CEFD19CC9CE5004250A7 /* SidexSidePFUser.m in Sources */,
				92D4CEF719CC97BC004250A7 /* LogInAndSignUpHandler.m in Sources */,
				92D4CF0219CCB4BB004250A7 /* LogInDelegate.m in Sources */,
				92D4CEED19CA025B004250A7 /* HomeViewController.m in Sources */,
			);
			runOnlyForDeploymentPostprocessing = 0;
		};
		9290C4F419B3528A00581CB6 /* Sources */ = {
			isa = PBXSourcesBuildPhase;
			buildActionMask = 2147483647;
			files = (
				92D4CF0719CE2332004250A7 /* LogInAndSignUpHandlerTest.m in Sources */,
				9290C50619B3528A00581CB6 /* SidexSideTests.m in Sources */,
				92D4CF0D19D0C3CB004250A7 /* LogInDelegateTest.m in Sources */,
				92D4CEFF19CCA76C004250A7 /* HomeViewControllerTest.m in Sources */,
			);
			runOnlyForDeploymentPostprocessing = 0;
		};
/* End PBXSourcesBuildPhase section */

/* Begin PBXTargetDependency section */
		9290C4FE19B3528A00581CB6 /* PBXTargetDependency */ = {
			isa = PBXTargetDependency;
			target = 9290C4D619B3528A00581CB6 /* SidexSide */;
			targetProxy = 9290C4FD19B3528A00581CB6 /* PBXContainerItemProxy */;
		};
/* End PBXTargetDependency section */

/* Begin PBXVariantGroup section */
		9290C4E319B3528A00581CB6 /* InfoPlist.strings */ = {
			isa = PBXVariantGroup;
			children = (
				9290C4E419B3528A00581CB6 /* en */,
			);
			name = InfoPlist.strings;
			sourceTree = "<group>";
		};
		9290C4EC19B3528A00581CB6 /* Main.storyboard */ = {
			isa = PBXVariantGroup;
			children = (
				9290C4ED19B3528A00581CB6 /* Base */,
			);
			name = Main.storyboard;
			sourceTree = "<group>";
		};
		9290C50219B3528A00581CB6 /* InfoPlist.strings */ = {
			isa = PBXVariantGroup;
			children = (
				9290C50319B3528A00581CB6 /* en */,
			);
			name = InfoPlist.strings;
			sourceTree = "<group>";
		};
/* End PBXVariantGroup section */

/* Begin XCBuildConfiguration section */
		9290C50719B3528A00581CB6 /* Debug */ = {
			isa = XCBuildConfiguration;
			buildSettings = {
				ALWAYS_SEARCH_USER_PATHS = NO;
				CLANG_CXX_LANGUAGE_STANDARD = "gnu++0x";
				CLANG_CXX_LIBRARY = "libc++";
				CLANG_ENABLE_MODULES = YES;
				CLANG_ENABLE_OBJC_ARC = YES;
				CLANG_WARN_BOOL_CONVERSION = YES;
				CLANG_WARN_CONSTANT_CONVERSION = YES;
				CLANG_WARN_DIRECT_OBJC_ISA_USAGE = YES_ERROR;
				CLANG_WARN_EMPTY_BODY = YES;
				CLANG_WARN_ENUM_CONVERSION = YES;
				CLANG_WARN_INT_CONVERSION = YES;
				CLANG_WARN_OBJC_ROOT_CLASS = YES_ERROR;
				CLANG_WARN__DUPLICATE_METHOD_MATCH = YES;
				"CODE_SIGN_IDENTITY[sdk=iphoneos*]" = "iPhone Developer";
				COPY_PHASE_STRIP = NO;
				GCC_C_LANGUAGE_STANDARD = gnu99;
				GCC_DYNAMIC_NO_PIC = NO;
				GCC_OPTIMIZATION_LEVEL = 0;
				GCC_PREPROCESSOR_DEFINITIONS = (
					"DEBUG=1",
					"$(inherited)",
				);
				GCC_SYMBOLS_PRIVATE_EXTERN = NO;
				GCC_WARN_64_TO_32_BIT_CONVERSION = YES;
				GCC_WARN_ABOUT_RETURN_TYPE = YES_ERROR;
				GCC_WARN_UNDECLARED_SELECTOR = YES;
				GCC_WARN_UNINITIALIZED_AUTOS = YES_AGGRESSIVE;
				GCC_WARN_UNUSED_FUNCTION = YES;
				GCC_WARN_UNUSED_VARIABLE = YES;
				IPHONEOS_DEPLOYMENT_TARGET = 7.1;
				ONLY_ACTIVE_ARCH = YES;
				SDKROOT = iphoneos;
			};
			name = Debug;
		};
		9290C50819B3528A00581CB6 /* Release */ = {
			isa = XCBuildConfiguration;
			buildSettings = {
				ALWAYS_SEARCH_USER_PATHS = NO;
				CLANG_CXX_LANGUAGE_STANDARD = "gnu++0x";
				CLANG_CXX_LIBRARY = "libc++";
				CLANG_ENABLE_MODULES = YES;
				CLANG_ENABLE_OBJC_ARC = YES;
				CLANG_WARN_BOOL_CONVERSION = YES;
				CLANG_WARN_CONSTANT_CONVERSION = YES;
				CLANG_WARN_DIRECT_OBJC_ISA_USAGE = YES_ERROR;
				CLANG_WARN_EMPTY_BODY = YES;
				CLANG_WARN_ENUM_CONVERSION = YES;
				CLANG_WARN_INT_CONVERSION = YES;
				CLANG_WARN_OBJC_ROOT_CLASS = YES_ERROR;
				CLANG_WARN__DUPLICATE_METHOD_MATCH = YES;
				"CODE_SIGN_IDENTITY[sdk=iphoneos*]" = "iPhone Developer";
				COPY_PHASE_STRIP = YES;
				ENABLE_NS_ASSERTIONS = NO;
				GCC_C_LANGUAGE_STANDARD = gnu99;
				GCC_WARN_64_TO_32_BIT_CONVERSION = YES;
				GCC_WARN_ABOUT_RETURN_TYPE = YES_ERROR;
				GCC_WARN_UNDECLARED_SELECTOR = YES;
				GCC_WARN_UNINITIALIZED_AUTOS = YES_AGGRESSIVE;
				GCC_WARN_UNUSED_FUNCTION = YES;
				GCC_WARN_UNUSED_VARIABLE = YES;
				IPHONEOS_DEPLOYMENT_TARGET = 7.1;
				SDKROOT = iphoneos;
				VALIDATE_PRODUCT = YES;
			};
			name = Release;
		};
		9290C50A19B3528A00581CB6 /* Debug */ = {
			isa = XCBuildConfiguration;
			buildSettings = {
				ASSETCATALOG_COMPILER_APPICON_NAME = AppIcon;
				ASSETCATALOG_COMPILER_LAUNCHIMAGE_NAME = LaunchImage;
				FRAMEWORK_SEARCH_PATHS = (
					"$(inherited)",
					"$(PROJECT_DIR)",
				);
				GCC_PRECOMPILE_PREFIX_HEADER = YES;
				GCC_PREFIX_HEADER = "SidexSide/SidexSide-Prefix.pch";
				INFOPLIST_FILE = "SidexSide/SidexSide-Info.plist";
				PRODUCT_NAME = "$(TARGET_NAME)";
				WRAPPER_EXTENSION = app;
			};
			name = Debug;
		};
		9290C50B19B3528A00581CB6 /* Release */ = {
			isa = XCBuildConfiguration;
			buildSettings = {
				ASSETCATALOG_COMPILER_APPICON_NAME = AppIcon;
				ASSETCATALOG_COMPILER_LAUNCHIMAGE_NAME = LaunchImage;
				FRAMEWORK_SEARCH_PATHS = (
					"$(inherited)",
					"$(PROJECT_DIR)",
				);
				GCC_PRECOMPILE_PREFIX_HEADER = YES;
				GCC_PREFIX_HEADER = "SidexSide/SidexSide-Prefix.pch";
				INFOPLIST_FILE = "SidexSide/SidexSide-Info.plist";
				PRODUCT_NAME = "$(TARGET_NAME)";
				WRAPPER_EXTENSION = app;
			};
			name = Release;
		};
		9290C50D19B3528A00581CB6 /* Debug */ = {
			isa = XCBuildConfiguration;
			buildSettings = {
				BUNDLE_LOADER = "$(BUILT_PRODUCTS_DIR)/SidexSide.app/SidexSide";
				FRAMEWORK_SEARCH_PATHS = (
					"$(SDKROOT)/Developer/Library/Frameworks",
					"$(inherited)",
					"$(DEVELOPER_FRAMEWORKS_DIR)",
					"/Users/zach/Downloads/parse-library-1.3.0",
					"/Users/zach/Downloads/OCHamcrest-1.9",
				);
				GCC_PRECOMPILE_PREFIX_HEADER = YES;
				GCC_PREFIX_HEADER = "SidexSide/SidexSide-Prefix.pch";
				GCC_PREPROCESSOR_DEFINITIONS = (
					"DEBUG=1",
					"$(inherited)",
				);
				HEADER_SEARCH_PATHS = (
					"$(inherited)",
					/Users/zach/Projects/SidexSide/SidexSideTests,
					/Applications/Xcode.app/Contents/Developer/Toolchains/XcodeDefault.xctoolchain/usr/include,
					/Users/zach/Projects/SidexSide/Libraries,
				);
				INFOPLIST_FILE = "SidexSideTests/SidexSideTests-Info.plist";
				LIBRARY_SEARCH_PATHS = (
					"$(inherited)",
					/Volumes/OCMock,
					3.1/iOS,
					/Volumes/OCMock,
					3.1/iOS,
				);
				OTHER_LDFLAGS = (
					"$(inherited)",
					"-framework",
					XCTest,
					"-ObjC",
				);
				PRODUCT_NAME = "$(TARGET_NAME)";
				TEST_HOST = "$(BUNDLE_LOADER)";
				WRAPPER_EXTENSION = xctest;
			};
			name = Debug;
		};
		9290C50E19B3528A00581CB6 /* Release */ = {
			isa = XCBuildConfiguration;
			buildSettings = {
				BUNDLE_LOADER = "$(BUILT_PRODUCTS_DIR)/SidexSide.app/SidexSide";
				FRAMEWORK_SEARCH_PATHS = (
					"$(SDKROOT)/Developer/Library/Frameworks",
					"$(inherited)",
					"$(DEVELOPER_FRAMEWORKS_DIR)",
					"/Users/zach/Downloads/parse-library-1.3.0",
					"/Users/zach/Downloads/OCHamcrest-1.9",
				);
				GCC_PRECOMPILE_PREFIX_HEADER = YES;
				GCC_PREFIX_HEADER = "SidexSide/SidexSide-Prefix.pch";
				HEADER_SEARCH_PATHS = (
					"$(inherited)",
					/Users/zach/Projects/SidexSide/SidexSideTests,
					/Applications/Xcode.app/Contents/Developer/Toolchains/XcodeDefault.xctoolchain/usr/include,
					/Users/zach/Projects/SidexSide/Libraries,
				);
				INFOPLIST_FILE = "SidexSideTests/SidexSideTests-Info.plist";
				LIBRARY_SEARCH_PATHS = (
					"$(inherited)",
					/Volumes/OCMock,
					3.1/iOS,
					/Volumes/OCMock,
					3.1/iOS,
				);
				OTHER_LDFLAGS = (
					"$(inherited)",
					"-framework",
					XCTest,
					"-ObjC",
				);
				PRODUCT_NAME = "$(TARGET_NAME)";
				TEST_HOST = "$(BUNDLE_LOADER)";
				WRAPPER_EXTENSION = xctest;
			};
			name = Release;
		};
/* End XCBuildConfiguration section */

/* Begin XCConfigurationList section */
		9290C4D219B3528A00581CB6 /* Build configuration list for PBXProject "SidexSide" */ = {
			isa = XCConfigurationList;
			buildConfigurations = (
				9290C50719B3528A00581CB6 /* Debug */,
				9290C50819B3528A00581CB6 /* Release */,
			);
			defaultConfigurationIsVisible = 0;
			defaultConfigurationName = Release;
		};
		9290C50919B3528A00581CB6 /* Build configuration list for PBXNativeTarget "SidexSide" */ = {
			isa = XCConfigurationList;
			buildConfigurations = (
				9290C50A19B3528A00581CB6 /* Debug */,
				9290C50B19B3528A00581CB6 /* Release */,
			);
			defaultConfigurationIsVisible = 0;
			defaultConfigurationName = Release;
		};
		9290C50C19B3528A00581CB6 /* Build configuration list for PBXNativeTarget "SidexSideTests" */ = {
			isa = XCConfigurationList;
			buildConfigurations = (
				9290C50D19B3528A00581CB6 /* Debug */,
				9290C50E19B3528A00581CB6 /* Release */,
			);
			defaultConfigurationIsVisible = 0;
			defaultConfigurationName = Release;
		};
/* End XCConfigurationList section */
	};
	rootObject = 9290C4CF19B3528A00581CB6 /* Project object */;
}
